
Microsoft Visual Studio Solution File, Format Version 12.00
# Visual Studio Version 16
VisualStudioVersion = 16.0.30907.101
MinimumVisualStudioVersion = 10.0.40219.1
Project("{FAE04EC0-301F-11D3-BF4B-00C04F79EFBC}") = "HotelReservationManager", "HotelReservationManager\HotelReservationManager.csproj", "{C33158EE-8EEC-4FF3-B0EE-81CCCFC20891}"
EndProject
Project("{FAE04EC0-301F-11D3-BF4B-00C04F79EFBC}") = "HotelReservationLibrary", "HotelReservationLibrary\HotelReservationLibrary.csproj", "{F00EA92C-CC1F-4905-AFD8-73B8A51C7331}"
EndProject
Global
	GlobalSection(SolutionConfigurationPlatforms) = preSolution
		Debug|Any CPU = Debug|Any CPU
		Release|Any CPU = Release|Any CPU
	EndGlobalSection
	GlobalSection(ProjectConfigurationPlatforms) = postSolution
		{C33158EE-8EEC-4FF3-B0EE-81CCCFC20891}.Debug|Any CPU.ActiveCfg = Debug|Any CPU
		{C33158EE-8EEC-4FF3-B0EE-81CCCFC20891}.Debug|Any CPU.Build.0 = Debug|Any CPU
		{C33158EE-8EEC-4FF3-B0EE-81CCCFC20891}.Release|Any CPU.ActiveCfg = Release|Any CPU
		{C33158EE-8EEC-4FF3-B0EE-81CCCFC20891}.Release|Any CPU.Build.0 = Release|Any CPU
		{F00EA92C-CC1F-4905-AFD8-73B8A51C7331}.Debug|Any CPU.ActiveCfg = Debug|Any CPU
		{F00EA92C-CC1F-4905-AFD8-73B8A51C7331}.Debug|Any CPU.Build.0 = Debug|Any CPU
		{F00EA92C-CC1F-4905-AFD8-73B8A51C7331}.Release|Any CPU.ActiveCfg = Release|Any CPU
		{F00EA92C-CC1F-4905-AFD8-73B8A51C7331}.Release|Any CPU.Build.0 = Release|Any CPU
	EndGlobalSection
	GlobalSection(SolutionProperties) = preSolution
		HideSolutionNode = FALSE
	EndGlobalSection
	GlobalSection(ExtensibilityGlobals) = postSolution
		SolutionGuid = {849238B4-4CD8-453C-B593-D4B5394E1628}
	EndGlobalSection
EndGlobal
